
Microsoft Visual Studio Solution File, Format Version 12.00
# Visual Studio Version 17
VisualStudioVersion = 17.11.35327.3
MinimumVisualStudioVersion = 10.0.40219.1
Project("{FAE04EC0-301F-11D3-BF4B-00C04F79EFBC}") = "CommandDesignPattern", "CommandDesignPattern\CommandDesignPattern.csproj", "{1EA1C579-6DC6-428A-B10A-7B2562B6A993}"
EndProject
Global
	GlobalSection(SolutionConfigurationPlatforms) = preSolution
		Debug|Any CPU = Debug|Any CPU
		Release|Any CPU = Release|Any CPU
	EndGlobalSection
	GlobalSection(ProjectConfigurationPlatforms) = postSolution
		{1EA1C579-6DC6-428A-B10A-7B2562B6A993}.Debug|Any CPU.ActiveCfg = Debug|Any CPU
		{1EA1C579-6DC6-428A-B10A-7B2562B6A993}.Debug|Any CPU.Build.0 = Debug|Any CPU
		{1EA1C579-6DC6-428A-B10A-7B2562B6A993}.Release|Any CPU.ActiveCfg = Release|Any CPU
		{1EA1C579-6DC6-428A-B10A-7B2562B6A993}.Release|Any CPU.Build.0 = Release|Any CPU
	EndGlobalSection
	GlobalSection(SolutionProperties) = preSolution
		HideSolutionNode = FALSE
	EndGlobalSection
	GlobalSection(ExtensibilityGlobals) = postSolution
		SolutionGuid = {B1CA32EF-3B43-4C67-A80D-9E392E1129FC}
	EndGlobalSection
EndGlobal
