
Microsoft Visual Studio Solution File, Format Version 12.00
# Visual Studio Version 17
VisualStudioVersion = 17.13.35931.197 d17.13
MinimumVisualStudioVersion = 10.0.40219.1
Project("{FAE04EC0-301F-11D3-BF4B-00C04F79EFBC}") = "CompositeDesignPattern", "CompositeDesignPattern\CompositeDesignPattern.csproj", "{B37576FB-C0DC-46DA-9079-38877E511124}"
EndProject
Global
	GlobalSection(SolutionConfigurationPlatforms) = preSolution
		Debug|Any CPU = Debug|Any CPU
		Release|Any CPU = Release|Any CPU
	EndGlobalSection
	GlobalSection(ProjectConfigurationPlatforms) = postSolution
		{B37576FB-C0DC-46DA-9079-38877E511124}.Debug|Any CPU.ActiveCfg = Debug|Any CPU
		{B37576FB-C0DC-46DA-9079-38877E511124}.Debug|Any CPU.Build.0 = Debug|Any CPU
		{B37576FB-C0DC-46DA-9079-38877E511124}.Release|Any CPU.ActiveCfg = Release|Any CPU
		{B37576FB-C0DC-46DA-9079-38877E511124}.Release|Any CPU.Build.0 = Release|Any CPU
	EndGlobalSection
	GlobalSection(SolutionProperties) = preSolution
		HideSolutionNode = FALSE
	EndGlobalSection
	GlobalSection(ExtensibilityGlobals) = postSolution
		SolutionGuid = {6FFDD428-15F1-402D-95DD-1F0CB6D072E9}
	EndGlobalSection
EndGlobal
