
Microsoft Visual Studio Solution File, Format Version 12.00
# Visual Studio Version 17
VisualStudioVersion = 17.14.37216.2 d17.14
MinimumVisualStudioVersion = 10.0.40219.1
Project("{FAE04EC0-301F-11D3-BF4B-00C04F79EFBC}") = "SingletonDesignPattern", "SingletonDesignPattern\SingletonDesignPattern.csproj", "{905C2A3B-39FD-42B9-AFE2-86F784AC4FED}"
EndProject
Global
	GlobalSection(SolutionConfigurationPlatforms) = preSolution
		Debug|Any CPU = Debug|Any CPU
		Release|Any CPU = Release|Any CPU
	EndGlobalSection
	GlobalSection(ProjectConfigurationPlatforms) = postSolution
		{905C2A3B-39FD-42B9-AFE2-86F784AC4FED}.Debug|Any CPU.ActiveCfg = Debug|Any CPU
		{905C2A3B-39FD-42B9-AFE2-86F784AC4FED}.Debug|Any CPU.Build.0 = Debug|Any CPU
		{905C2A3B-39FD-42B9-AFE2-86F784AC4FED}.Release|Any CPU.ActiveCfg = Release|Any CPU
		{905C2A3B-39FD-42B9-AFE2-86F784AC4FED}.Release|Any CPU.Build.0 = Release|Any CPU
	EndGlobalSection
	GlobalSection(SolutionProperties) = preSolution
		HideSolutionNode = FALSE
	EndGlobalSection
	GlobalSection(ExtensibilityGlobals) = postSolution
		SolutionGuid = {0F7627DB-8203-4885-9312-F043ED9E9D9C}
	EndGlobalSection
EndGlobal
