
Microsoft Visual Studio Solution File, Format Version 12.00
# Visual Studio Version 17
VisualStudioVersion = 17.14.37216.2 d17.14
MinimumVisualStudioVersion = 10.0.40219.1
Project("{FAE04EC0-301F-11D3-BF4B-00C04F79EFBC}") = "FoodCartLLD", "FoodCartLLD\FoodCartLLD.csproj", "{4CB30845-9C25-4F5F-90BB-B9729C630412}"
EndProject
Global
	GlobalSection(SolutionConfigurationPlatforms) = preSolution
		Debug|Any CPU = Debug|Any CPU
		Release|Any CPU = Release|Any CPU
	EndGlobalSection
	GlobalSection(ProjectConfigurationPlatforms) = postSolution
		{4CB30845-9C25-4F5F-90BB-B9729C630412}.Debug|Any CPU.ActiveCfg = Debug|Any CPU
		{4CB30845-9C25-4F5F-90BB-B9729C630412}.Debug|Any CPU.Build.0 = Debug|Any CPU
		{4CB30845-9C25-4F5F-90BB-B9729C630412}.Release|Any CPU.ActiveCfg = Release|Any CPU
		{4CB30845-9C25-4F5F-90BB-B9729C630412}.Release|Any CPU.Build.0 = Release|Any CPU
	EndGlobalSection
	GlobalSection(SolutionProperties) = preSolution
		HideSolutionNode = FALSE
	EndGlobalSection
	GlobalSection(ExtensibilityGlobals) = postSolution
		SolutionGuid = {09802F07-5510-4D23-9E7F-E0A4B92192CC}
	EndGlobalSection
EndGlobal
