Microsoft Visual Studio Solution File, Format Version 12.00
# Visual Studio Version 17
VisualStudioVersion = 17.5.2.0
MinimumVisualStudioVersion = 10.0.40219.1
Project("{FAE04EC0-301F-11D3-BF4B-00C04F79EFBC}") = "BoardGame", "BoardGame.csproj", "{BA4A7321-181A-E0D8-A788-69723C000E15}"
EndProject
Global
	GlobalSection(SolutionConfigurationPlatforms) = preSolution
		Debug|Any CPU = Debug|Any CPU
		Release|Any CPU = Release|Any CPU
	EndGlobalSection
	GlobalSection(ProjectConfigurationPlatforms) = postSolution
		{BA4A7321-181A-E0D8-A788-69723C000E15}.Debug|Any CPU.ActiveCfg = Debug|Any CPU
		{BA4A7321-181A-E0D8-A788-69723C000E15}.Debug|Any CPU.Build.0 = Debug|Any CPU
		{BA4A7321-181A-E0D8-A788-69723C000E15}.Release|Any CPU.ActiveCfg = Release|Any CPU
		{BA4A7321-181A-E0D8-A788-69723C000E15}.Release|Any CPU.Build.0 = Release|Any CPU
	EndGlobalSection
	GlobalSection(SolutionProperties) = preSolution
		HideSolutionNode = FALSE
	EndGlobalSection
	GlobalSection(ExtensibilityGlobals) = postSolution
		SolutionGuid = {26A9604E-55D7-4C62-A57D-A8DFFBE1A453}
	EndGlobalSection
EndGlobal
